
Microsoft Visual Studio Solution File, Format Version 12.00
# Visual Studio Version 16
VisualStudioVersion = 16.0.29519.87
MinimumVisualStudioVersion = 10.0.40219.1
Project("{FAE04EC0-301F-11D3-BF4B-00C04F79EFBC}") = "UX230_1", "UX230_1\UX230_1.csproj", "{45FBC416-0CBB-429E-B307-5A046F8B61D7}"
EndProject
Global
	GlobalSection(SolutionConfigurationPlatforms) = preSolution
		Debug|Any CPU = Debug|Any CPU
		Release|Any CPU = Release|Any CPU
	EndGlobalSection
	GlobalSection(ProjectConfigurationPlatforms) = postSolution
		{45FBC416-0CBB-429E-B307-5A046F8B61D7}.Debug|Any CPU.ActiveCfg = Debug|Any CPU
		{45FBC416-0CBB-429E-B307-5A046F8B61D7}.Debug|Any CPU.Build.0 = Debug|Any CPU
		{45FBC416-0CBB-429E-B307-5A046F8B61D7}.Release|Any CPU.ActiveCfg = Release|Any CPU
		{45FBC416-0CBB-429E-B307-5A046F8B61D7}.Release|Any CPU.Build.0 = Release|Any CPU
	EndGlobalSection
	GlobalSection(SolutionProperties) = preSolution
		HideSolutionNode = FALSE
	EndGlobalSection
	GlobalSection(ExtensibilityGlobals) = postSolution
		SolutionGuid = {90205D09-7986-4E14-884E-7AC9EA7BC596}
	EndGlobalSection
EndGlobal
